
Microsoft Visual Studio Solution File, Format Version 12.00
# Visual Studio Version 17
VisualStudioVersion = 17.3.32825.248
MinimumVisualStudioVersion = 10.0.40219.1
Project("{FAE04EC0-301F-11D3-BF4B-00C04F79EFBC}") = "RazorPages", "RazorPages\RazorPages.csproj", "{48E37470-C971-44C3-B1E3-9C534BE3DA7F}"
EndProject
Global
	GlobalSection(SolutionConfigurationPlatforms) = preSolution
		Debug|Any CPU = Debug|Any CPU
		Release|Any CPU = Release|Any CPU
	EndGlobalSection
	GlobalSection(ProjectConfigurationPlatforms) = postSolution
		{48E37470-C971-44C3-B1E3-9C534BE3DA7F}.Debug|Any CPU.ActiveCfg = Debug|Any CPU
		{48E37470-C971-44C3-B1E3-9C534BE3DA7F}.Debug|Any CPU.Build.0 = Debug|Any CPU
		{48E37470-C971-44C3-B1E3-9C534BE3DA7F}.Release|Any CPU.ActiveCfg = Release|Any CPU
		{48E37470-C971-44C3-B1E3-9C534BE3DA7F}.Release|Any CPU.Build.0 = Release|Any CPU
	EndGlobalSection
	GlobalSection(SolutionProperties) = preSolution
		HideSolutionNode = FALSE
	EndGlobalSection
	GlobalSection(ExtensibilityGlobals) = postSolution
		SolutionGuid = {F43C61D6-8FB7-4670-9B61-7BCEE40A6143}
	EndGlobalSection
EndGlobal
